// !$*UTF8*$!
{
	archiveVersion = 1;
	classes = {
	};
	objectVersion = 56;
	objects = {

/* Begin PBXBuildFile section */
		AB0D84BC2B6EEE4F00C25D1B /* BlankEntryEditView.swift in Sources */ = {isa = PBXBuildFile; fileRef = AB0D84BB2B6EEE4F00C25D1B /* BlankEntryEditView.swift */; };
		AB6AF4922B69BF40005FE810 /* ProductSheetView.swift in Sources */ = {isa = PBXBuildFile; fileRef = AB6AF4912B69BF40005FE810 /* ProductSheetView.swift */; };
		ABA3F8B02B55F11A006F5355 /* GroupEditView.swift in Sources */ = {isa = PBXBuildFile; fileRef = ABA3F8AF2B55EC61006F5355 /* GroupEditView.swift */; };
		ABA3F8B22B58DD11006F5355 /* ChecklistEditView.swift in Sources */ = {isa = PBXBuildFile; fileRef = ABA3F8B12B58DCBF006F5355 /* ChecklistEditView.swift */; };
		ABA3F8B42B5B2E52006F5355 /* TutorialView.swift in Sources */ = {isa = PBXBuildFile; fileRef = ABA3F8B32B5B2D99006F5355 /* TutorialView.swift */; };
		ABA78DD82B4286A200BD13A2 /* ChecklistPropertiesView.swift in Sources */ = {isa = PBXBuildFile; fileRef = ABA78DD72B4286A200BD13A2 /* ChecklistPropertiesView.swift */; };
		ABA78DDA2B4286E900BD13A2 /* EntryView.swift in Sources */ = {isa = PBXBuildFile; fileRef = ABA78DD92B4286E900BD13A2 /* EntryView.swift */; };
		ABA78DDC2B43AD3700BD13A2 /* ChecklistsView.swift in Sources */ = {isa = PBXBuildFile; fileRef = ABA78DDB2B43AD3700BD13A2 /* ChecklistsView.swift */; };
		ABA78DE02B44740D00BD13A2 /* ChecklistFile.swift in Sources */ = {isa = PBXBuildFile; fileRef = ABA78DDF2B44740D00BD13A2 /* ChecklistFile.swift */; };
		ABA78DE22B44747500BD13A2 /* Group.swift in Sources */ = {isa = PBXBuildFile; fileRef = ABA78DE12B44747500BD13A2 /* Group.swift */; };
		ABA78DE42B4474B900BD13A2 /* Entry.swift in Sources */ = {isa = PBXBuildFile; fileRef = ABA78DE32B4474B900BD13A2 /* Entry.swift */; };
		ABA78DE62B44E82700BD13A2 /* PropertyExtension.swift in Sources */ = {isa = PBXBuildFile; fileRef = ABA78DE52B44E82700BD13A2 /* PropertyExtension.swift */; };
		ABA78DE82B44F1CC00BD13A2 /* ChecklistView.swift in Sources */ = {isa = PBXBuildFile; fileRef = ABA78DE72B44F1CC00BD13A2 /* ChecklistView.swift */; };
		ABA78DEA2B44F46200BD13A2 /* GroupsView.swift in Sources */ = {isa = PBXBuildFile; fileRef = ABA78DE92B44F46200BD13A2 /* GroupsView.swift */; };
		ABA78DED2B4639BD00BD13A2 /* EntryEditView.swift in Sources */ = {isa = PBXBuildFile; fileRef = ABA78DEC2B4639BD00BD13A2 /* EntryEditView.swift */; };
		ABE1C2B12B3FAF7700BD40E4 /* G3XTouchChecklistEditorApp.swift in Sources */ = {isa = PBXBuildFile; fileRef = ABE1C2B02B3FAF7700BD40E4 /* G3XTouchChecklistEditorApp.swift */; };
		ABE1C2B32B3FAF7700BD40E4 /* MainView.swift in Sources */ = {isa = PBXBuildFile; fileRef = ABE1C2B22B3FAF7700BD40E4 /* MainView.swift */; };
		ABE1C2B52B3FAF7800BD40E4 /* Assets.xcassets in Resources */ = {isa = PBXBuildFile; fileRef = ABE1C2B42B3FAF7800BD40E4 /* Assets.xcassets */; };
		ABE1C2B92B3FAF7800BD40E4 /* Preview Assets.xcassets in Resources */ = {isa = PBXBuildFile; fileRef = ABE1C2B82B3FAF7800BD40E4 /* Preview Assets.xcassets */; };
		ABE1C2C32B3FAF7800BD40E4 /* G3XTouchChecklistEditorTests.swift in Sources */ = {isa = PBXBuildFile; fileRef = ABE1C2C22B3FAF7800BD40E4 /* G3XTouchChecklistEditorTests.swift */; };
		ABE1C2CD2B3FAF7800BD40E4 /* G3XTouchChecklistEditorUITests.swift in Sources */ = {isa = PBXBuildFile; fileRef = ABE1C2CC2B3FAF7800BD40E4 /* G3XTouchChecklistEditorUITests.swift */; };
		ABE1C2CF2B3FAF7800BD40E4 /* G3XTouchChecklistEditorUITestsLaunchTests.swift in Sources */ = {isa = PBXBuildFile; fileRef = ABE1C2CE2B3FAF7800BD40E4 /* G3XTouchChecklistEditorUITestsLaunchTests.swift */; };
		ABE1C2E52B3FD17000BD40E4 /* CrcSwift in Frameworks */ = {isa = PBXBuildFile; productRef = ABE1C2E42B3FD17000BD40E4 /* CrcSwift */; };
		ABE1C2E82B408ED200BD40E4 /* Checklist.swift in Sources */ = {isa = PBXBuildFile; fileRef = ABE1C2E72B408ED200BD40E4 /* Checklist.swift */; };
		ABEDE1132B6B3A47002FC2F3 /* Store.swift in Sources */ = {isa = PBXBuildFile; fileRef = ABEDE1122B6B3A47002FC2F3 /* Store.swift */; };
		ABEDE1152B6B3C12002FC2F3 /* StoreFile.storekit in Resources */ = {isa = PBXBuildFile; fileRef = ABEDE1142B6B3C12002FC2F3 /* StoreFile.storekit */; };
/* End PBXBuildFile section */

/* Begin PBXContainerItemProxy section */
		ABE1C2BF2B3FAF7800BD40E4 /* PBXContainerItemProxy */ = {
			isa = PBXContainerItemProxy;
			containerPortal = ABE1C2A52B3FAF7700BD40E4 /* Project object */;
			proxyType = 1;
			remoteGlobalIDString = ABE1C2AC2B3FAF7700BD40E4;
			remoteInfo = G3XTouchChecklistEditor;
		};
		ABE1C2C92B3FAF7800BD40E4 /* PBXContainerItemProxy */ = {
			isa = PBXContainerItemProxy;
			containerPortal = ABE1C2A52B3FAF7700BD40E4 /* Project object */;
			proxyType = 1;
			remoteGlobalIDString = ABE1C2AC2B3FAF7700BD40E4;
			remoteInfo = G3XTouchChecklistEditor;
		};
/* End PBXContainerItemProxy section */

/* Begin PBXFileReference section */
		AB0D84BB2B6EEE4F00C25D1B /* BlankEntryEditView.swift */ = {isa = PBXFileReference; lastKnownFileType = sourcecode.swift; path = BlankEntryEditView.swift; sourceTree = "<group>"; };
		AB6AF4912B69BF40005FE810 /* ProductSheetView.swift */ = {isa = PBXFileReference; lastKnownFileType = sourcecode.swift; path = ProductSheetView.swift; sourceTree = "<group>"; };
		ABA3F8AF2B55EC61006F5355 /* GroupEditView.swift */ = {isa = PBXFileReference; lastKnownFileType = sourcecode.swift; path = GroupEditView.swift; sourceTree = "<group>"; };
		ABA3F8B12B58DCBF006F5355 /* ChecklistEditView.swift */ = {isa = PBXFileReference; lastKnownFileType = sourcecode.swift; path = ChecklistEditView.swift; sourceTree = "<group>"; };
		ABA3F8B32B5B2D99006F5355 /* TutorialView.swift */ = {isa = PBXFileReference; lastKnownFileType = sourcecode.swift; path = TutorialView.swift; sourceTree = "<group>"; };
		ABA78DD72B4286A200BD13A2 /* ChecklistPropertiesView.swift */ = {isa = PBXFileReference; lastKnownFileType = sourcecode.swift; path = ChecklistPropertiesView.swift; sourceTree = "<group>"; };
		ABA78DD92B4286E900BD13A2 /* EntryView.swift */ = {isa = PBXFileReference; lastKnownFileType = sourcecode.swift; path = EntryView.swift; sourceTree = "<group>"; };
		ABA78DDB2B43AD3700BD13A2 /* ChecklistsView.swift */ = {isa = PBXFileReference; lastKnownFileType = sourcecode.swift; path = ChecklistsView.swift; sourceTree = "<group>"; };
		ABA78DDF2B44740D00BD13A2 /* ChecklistFile.swift */ = {isa = PBXFileReference; lastKnownFileType = sourcecode.swift; path = ChecklistFile.swift; sourceTree = "<group>"; };
		ABA78DE12B44747500BD13A2 /* Group.swift */ = {isa = PBXFileReference; lastKnownFileType = sourcecode.swift; path = Group.swift; sourceTree = "<group>"; };
		ABA78DE32B4474B900BD13A2 /* Entry.swift */ = {isa = PBXFileReference; lastKnownFileType = sourcecode.swift; path = Entry.swift; sourceTree = "<group>"; };
		ABA78DE52B44E82700BD13A2 /* PropertyExtension.swift */ = {isa = PBXFileReference; lastKnownFileType = sourcecode.swift; path = PropertyExtension.swift; sourceTree = "<group>"; };
		ABA78DE72B44F1CC00BD13A2 /* ChecklistView.swift */ = {isa = PBXFileReference; lastKnownFileType = sourcecode.swift; path = ChecklistView.swift; sourceTree = "<group>"; };
		ABA78DE92B44F46200BD13A2 /* GroupsView.swift */ = {isa = PBXFileReference; lastKnownFileType = sourcecode.swift; path = GroupsView.swift; sourceTree = "<group>"; };
		ABA78DEB2B46381E00BD13A2 /* Todos.txt */ = {isa = PBXFileReference; lastKnownFileType = text; path = Todos.txt; sourceTree = "<group>"; };
		ABA78DEC2B4639BD00BD13A2 /* EntryEditView.swift */ = {isa = PBXFileReference; lastKnownFileType = sourcecode.swift; path = EntryEditView.swift; sourceTree = "<group>"; };
		ABE1C2AD2B3FAF7700BD40E4 /* G3X Touch Checklist Editor.app */ = {isa = PBXFileReference; explicitFileType = wrapper.application; includeInIndex = 0; path = "G3X Touch Checklist Editor.app"; sourceTree = BUILT_PRODUCTS_DIR; };
		ABE1C2B02B3FAF7700BD40E4 /* G3XTouchChecklistEditorApp.swift */ = {isa = PBXFileReference; lastKnownFileType = sourcecode.swift; path = G3XTouchChecklistEditorApp.swift; sourceTree = "<group>"; };
		ABE1C2B22B3FAF7700BD40E4 /* MainView.swift */ = {isa = PBXFileReference; lastKnownFileType = sourcecode.swift; path = MainView.swift; sourceTree = "<group>"; };
		ABE1C2B42B3FAF7800BD40E4 /* Assets.xcassets */ = {isa = PBXFileReference; lastKnownFileType = folder.assetcatalog; name = Assets.xcassets; path = G3XTouchChecklistEditor/Assets.xcassets; sourceTree = SOURCE_ROOT; };
		ABE1C2B62B3FAF7800BD40E4 /* G3XTouchChecklistEditor.entitlements */ = {isa = PBXFileReference; lastKnownFileType = text.plist.entitlements; path = G3XTouchChecklistEditor.entitlements; sourceTree = "<group>"; };
		ABE1C2B82B3FAF7800BD40E4 /* Preview Assets.xcassets */ = {isa = PBXFileReference; lastKnownFileType = folder.assetcatalog; path = "Preview Assets.xcassets"; sourceTree = "<group>"; };
		ABE1C2BE2B3FAF7800BD40E4 /* G3X Touch Checklist EditorTests.xctest */ = {isa = PBXFileReference; explicitFileType = wrapper.cfbundle; includeInIndex = 0; path = "G3X Touch Checklist EditorTests.xctest"; sourceTree = BUILT_PRODUCTS_DIR; };
		ABE1C2C22B3FAF7800BD40E4 /* G3XTouchChecklistEditorTests.swift */ = {isa = PBXFileReference; lastKnownFileType = sourcecode.swift; path = G3XTouchChecklistEditorTests.swift; sourceTree = "<group>"; };
		ABE1C2C82B3FAF7800BD40E4 /* G3X Touch Checklist EditorUITests.xctest */ = {isa = PBXFileReference; explicitFileType = wrapper.cfbundle; includeInIndex = 0; path = "G3X Touch Checklist EditorUITests.xctest"; sourceTree = BUILT_PRODUCTS_DIR; };
		ABE1C2CC2B3FAF7800BD40E4 /* G3XTouchChecklistEditorUITests.swift */ = {isa = PBXFileReference; lastKnownFileType = sourcecode.swift; path = G3XTouchChecklistEditorUITests.swift; sourceTree = "<group>"; };
		ABE1C2CE2B3FAF7800BD40E4 /* G3XTouchChecklistEditorUITestsLaunchTests.swift */ = {isa = PBXFileReference; lastKnownFileType = sourcecode.swift; path = G3XTouchChecklistEditorUITestsLaunchTests.swift; sourceTree = "<group>"; };
		ABE1C2E72B408ED200BD40E4 /* Checklist.swift */ = {isa = PBXFileReference; lastKnownFileType = sourcecode.swift; path = Checklist.swift; sourceTree = "<group>"; };
		ABE1C2F02B40DBFC00BD40E4 /* G3X-Touch-Checklist-Editor-Info.plist */ = {isa = PBXFileReference; lastKnownFileType = text.plist; path = "G3X-Touch-Checklist-Editor-Info.plist"; sourceTree = "<group>"; };
		ABEDE1122B6B3A47002FC2F3 /* Store.swift */ = {isa = PBXFileReference; lastKnownFileType = sourcecode.swift; path = Store.swift; sourceTree = "<group>"; };
		ABEDE1142B6B3C12002FC2F3 /* StoreFile.storekit */ = {isa = PBXFileReference; lastKnownFileType = text; path = StoreFile.storekit; sourceTree = "<group>"; };
/* End PBXFileReference section */

/* Begin PBXFrameworksBuildPhase section */
		ABE1C2AA2B3FAF7700BD40E4 /* Frameworks */ = {
			isa = PBXFrameworksBuildPhase;
			buildActionMask = 2147483647;
			files = (
				ABE1C2E52B3FD17000BD40E4 /* CrcSwift in Frameworks */,
			);
			runOnlyForDeploymentPostprocessing = 0;
		};
		ABE1C2BB2B3FAF7800BD40E4 /* Frameworks */ = {
			isa = PBXFrameworksBuildPhase;
			buildActionMask = 2147483647;
			files = (
			);
			runOnlyForDeploymentPostprocessing = 0;
		};
		ABE1C2C52B3FAF7800BD40E4 /* Frameworks */ = {
			isa = PBXFrameworksBuildPhase;
			buildActionMask = 2147483647;
			files = (
			);
			runOnlyForDeploymentPostprocessing = 0;
		};
/* End PBXFrameworksBuildPhase section */

/* Begin PBXGroup section */
		ABE1C2A42B3FAF7700BD40E4 = {
			isa = PBXGroup;
			children = (
				ABE1C2F02B40DBFC00BD40E4 /* G3X-Touch-Checklist-Editor-Info.plist */,
				ABE1C2AF2B3FAF7700BD40E4 /* G3XTouchChecklistEditor */,
				ABE1C2C12B3FAF7800BD40E4 /* G3XTouchChecklistEditorTests */,
				ABE1C2CB2B3FAF7800BD40E4 /* G3XTouchChecklistEditorUITests */,
				ABE1C2AE2B3FAF7700BD40E4 /* Products */,
			);
			sourceTree = "<group>";
		};
		ABE1C2AE2B3FAF7700BD40E4 /* Products */ = {
			isa = PBXGroup;
			children = (
				ABE1C2AD2B3FAF7700BD40E4 /* G3X Touch Checklist Editor.app */,
				ABE1C2BE2B3FAF7800BD40E4 /* G3X Touch Checklist EditorTests.xctest */,
				ABE1C2C82B3FAF7800BD40E4 /* G3X Touch Checklist EditorUITests.xctest */,
			);
			name = Products;
			sourceTree = "<group>";
		};
		ABE1C2AF2B3FAF7700BD40E4 /* G3XTouchChecklistEditor */ = {
			isa = PBXGroup;
			children = (
				ABE1C2E62B408E9800BD40E4 /* Models */,
				ABE1C2B02B3FAF7700BD40E4 /* G3XTouchChecklistEditorApp.swift */,
				ABE1C2B22B3FAF7700BD40E4 /* MainView.swift */,
				ABEDE1122B6B3A47002FC2F3 /* Store.swift */,
				AB6AF4912B69BF40005FE810 /* ProductSheetView.swift */,
				ABEDE1142B6B3C12002FC2F3 /* StoreFile.storekit */,
				ABA78DE92B44F46200BD13A2 /* GroupsView.swift */,
				ABA78DD72B4286A200BD13A2 /* ChecklistPropertiesView.swift */,
				ABA78DDB2B43AD3700BD13A2 /* ChecklistsView.swift */,
				ABA78DE72B44F1CC00BD13A2 /* ChecklistView.swift */,
				ABA78DE52B44E82700BD13A2 /* PropertyExtension.swift */,
				ABA78DD92B4286E900BD13A2 /* EntryView.swift */,
				ABA78DEC2B4639BD00BD13A2 /* EntryEditView.swift */,
				AB0D84BB2B6EEE4F00C25D1B /* BlankEntryEditView.swift */,
				ABA3F8AF2B55EC61006F5355 /* GroupEditView.swift */,
				ABA3F8B12B58DCBF006F5355 /* ChecklistEditView.swift */,
				ABA3F8B32B5B2D99006F5355 /* TutorialView.swift */,
				ABE1C2B42B3FAF7800BD40E4 /* Assets.xcassets */,
				ABE1C2B62B3FAF7800BD40E4 /* G3XTouchChecklistEditor.entitlements */,
				ABE1C2B72B3FAF7800BD40E4 /* Preview Content */,
				ABA78DEB2B46381E00BD13A2 /* Todos.txt */,
			);
			path = G3XTouchChecklistEditor;
			sourceTree = "<group>";
		};
		ABE1C2B72B3FAF7800BD40E4 /* Preview Content */ = {
			isa = PBXGroup;
			children = (
				ABE1C2B82B3FAF7800BD40E4 /* Preview Assets.xcassets */,
			);
			path = "Preview Content";
			sourceTree = "<group>";
		};
		ABE1C2C12B3FAF7800BD40E4 /* G3XTouchChecklistEditorTests */ = {
			isa = PBXGroup;
			children = (
				ABE1C2C22B3FAF7800BD40E4 /* G3XTouchChecklistEditorTests.swift */,
			);
			path = G3XTouchChecklistEditorTests;
			sourceTree = "<group>";
		};
		ABE1C2CB2B3FAF7800BD40E4 /* G3XTouchChecklistEditorUITests */ = {
			isa = PBXGroup;
			children = (
				ABE1C2CC2B3FAF7800BD40E4 /* G3XTouchChecklistEditorUITests.swift */,
				ABE1C2CE2B3FAF7800BD40E4 /* G3XTouchChecklistEditorUITestsLaunchTests.swift */,
			);
			path = G3XTouchChecklistEditorUITests;
			sourceTree = "<group>";
		};
		ABE1C2E62B408E9800BD40E4 /* Models */ = {
			isa = PBXGroup;
			children = (
				ABE1C2E72B408ED200BD40E4 /* Checklist.swift */,
				ABA78DDF2B44740D00BD13A2 /* ChecklistFile.swift */,
				ABA78DE12B44747500BD13A2 /* Group.swift */,
				ABA78DE32B4474B900BD13A2 /* Entry.swift */,
			);
			path = Models;
			sourceTree = "<group>";
		};
/* End PBXGroup section */

/* Begin PBXNativeTarget section */
		ABE1C2AC2B3FAF7700BD40E4 /* G3X Touch Checklist Editor */ = {
			isa = PBXNativeTarget;
			buildConfigurationList = ABE1C2D22B3FAF7800BD40E4 /* Build configuration list for PBXNativeTarget "G3X Touch Checklist Editor" */;
			buildPhases = (
				ABE1C2A92B3FAF7700BD40E4 /* Sources */,
				ABE1C2AA2B3FAF7700BD40E4 /* Frameworks */,
				ABE1C2AB2B3FAF7700BD40E4 /* Resources */,
			);
			buildRules = (
			);
			dependencies = (
			);
			name = "G3X Touch Checklist Editor";
			packageProductDependencies = (
				ABE1C2E42B3FD17000BD40E4 /* CrcSwift */,
			);
			productName = G3XTouchChecklistEditor;
			productReference = ABE1C2AD2B3FAF7700BD40E4 /* G3X Touch Checklist Editor.app */;
			productType = "com.apple.product-type.application";
		};
		ABE1C2BD2B3FAF7800BD40E4 /* G3X Touch Checklist EditorTests */ = {
			isa = PBXNativeTarget;
			buildConfigurationList = ABE1C2D52B3FAF7800BD40E4 /* Build configuration list for PBXNativeTarget "G3X Touch Checklist EditorTests" */;
			buildPhases = (
				ABE1C2BA2B3FAF7800BD40E4 /* Sources */,
				ABE1C2BB2B3FAF7800BD40E4 /* Frameworks */,
				ABE1C2BC2B3FAF7800BD40E4 /* Resources */,
			);
			buildRules = (
			);
			dependencies = (
				ABE1C2C02B3FAF7800BD40E4 /* PBXTargetDependency */,
			);
			name = "G3X Touch Checklist EditorTests";
			productName = G3XTouchChecklistEditorTests;
			productReference = ABE1C2BE2B3FAF7800BD40E4 /* G3X Touch Checklist EditorTests.xctest */;
			productType = "com.apple.product-type.bundle.unit-test";
		};
		ABE1C2C72B3FAF7800BD40E4 /* G3X Touch Checklist EditorUITests */ = {
			isa = PBXNativeTarget;
			buildConfigurationList = ABE1C2D82B3FAF7800BD40E4 /* Build configuration list for PBXNativeTarget "G3X Touch Checklist EditorUITests" */;
			buildPhases = (
				ABE1C2C42B3FAF7800BD40E4 /* Sources */,
				ABE1C2C52B3FAF7800BD40E4 /* Frameworks */,
				ABE1C2C62B3FAF7800BD40E4 /* Resources */,
			);
			buildRules = (
			);
			dependencies = (
				ABE1C2CA2B3FAF7800BD40E4 /* PBXTargetDependency */,
			);
			name = "G3X Touch Checklist EditorUITests";
			productName = G3XTouchChecklistEditorUITests;
			productReference = ABE1C2C82B3FAF7800BD40E4 /* G3X Touch Checklist EditorUITests.xctest */;
			productType = "com.apple.product-type.bundle.ui-testing";
		};
/* End PBXNativeTarget section */

/* Begin PBXProject section */
		ABE1C2A52B3FAF7700BD40E4 /* Project object */ = {
			isa = PBXProject;
			attributes = {
				BuildIndependentTargetsInParallel = 1;
				LastSwiftUpdateCheck = 1510;
				LastUpgradeCheck = 1510;
				TargetAttributes = {
					ABE1C2AC2B3FAF7700BD40E4 = {
						CreatedOnToolsVersion = 15.1;
					};
					ABE1C2BD2B3FAF7800BD40E4 = {
						CreatedOnToolsVersion = 15.1;
						TestTargetID = ABE1C2AC2B3FAF7700BD40E4;
					};
					ABE1C2C72B3FAF7800BD40E4 = {
						CreatedOnToolsVersion = 15.1;
						TestTargetID = ABE1C2AC2B3FAF7700BD40E4;
					};
				};
			};
			buildConfigurationList = ABE1C2A82B3FAF7700BD40E4 /* Build configuration list for PBXProject "G3X Touch Checklist Editor" */;
			compatibilityVersion = "Xcode 14.0";
			developmentRegion = en;
			hasScannedForEncodings = 0;
			knownRegions = (
				en,
				Base,
			);
			mainGroup = ABE1C2A42B3FAF7700BD40E4;
			packageReferences = (
				ABE1C2E32B3FD17000BD40E4 /* XCRemoteSwiftPackageReference "CrcSwift" */,
			);
			productRefGroup = ABE1C2AE2B3FAF7700BD40E4 /* Products */;
			projectDirPath = "";
			projectRoot = "";
			targets = (
				ABE1C2AC2B3FAF7700BD40E4 /* G3X Touch Checklist Editor */,
				ABE1C2BD2B3FAF7800BD40E4 /* G3X Touch Checklist EditorTests */,
				ABE1C2C72B3FAF7800BD40E4 /* G3X Touch Checklist EditorUITests */,
			);
		};
/* End PBXProject section */

/* Begin PBXResourcesBuildPhase section */
		ABE1C2AB2B3FAF7700BD40E4 /* Resources */ = {
			isa = PBXResourcesBuildPhase;
			buildActionMask = 2147483647;
			files = (
				ABE1C2B92B3FAF7800BD40E4 /* Preview Assets.xcassets in Resources */,
				ABE1C2B52B3FAF7800BD40E4 /* Assets.xcassets in Resources */,
				ABEDE1152B6B3C12002FC2F3 /* StoreFile.storekit in Resources */,
			);
			runOnlyForDeploymentPostprocessing = 0;
		};
		ABE1C2BC2B3FAF7800BD40E4 /* Resources */ = {
			isa = PBXResourcesBuildPhase;
			buildActionMask = 2147483647;
			files = (
			);
			runOnlyForDeploymentPostprocessing = 0;
		};
		ABE1C2C62B3FAF7800BD40E4 /* Resources */ = {
			isa = PBXResourcesBuildPhase;
			buildActionMask = 2147483647;
			files = (
			);
			runOnlyForDeploymentPostprocessing = 0;
		};
/* End PBXResourcesBuildPhase section */

/* Begin PBXSourcesBuildPhase section */
		ABE1C2A92B3FAF7700BD40E4 /* Sources */ = {
			isa = PBXSourcesBuildPhase;
			buildActionMask = 2147483647;
			files = (
				ABE1C2B32B3FAF7700BD40E4 /* MainView.swift in Sources */,
				ABE1C2B12B3FAF7700BD40E4 /* G3XTouchChecklistEditorApp.swift in Sources */,
				ABA78DDA2B4286E900BD13A2 /* EntryView.swift in Sources */,
				ABEDE1132B6B3A47002FC2F3 /* Store.swift in Sources */,
				ABA78DE22B44747500BD13A2 /* Group.swift in Sources */,
				AB6AF4922B69BF40005FE810 /* ProductSheetView.swift in Sources */,
				ABA78DED2B4639BD00BD13A2 /* EntryEditView.swift in Sources */,
				ABA78DDC2B43AD3700BD13A2 /* ChecklistsView.swift in Sources */,
				ABA78DE82B44F1CC00BD13A2 /* ChecklistView.swift in Sources */,
				AB0D84BC2B6EEE4F00C25D1B /* BlankEntryEditView.swift in Sources */,
				ABA78DEA2B44F46200BD13A2 /* GroupsView.swift in Sources */,
				ABA3F8B02B55F11A006F5355 /* GroupEditView.swift in Sources */,
				ABA78DD82B4286A200BD13A2 /* ChecklistPropertiesView.swift in Sources */,
				ABA78DE62B44E82700BD13A2 /* PropertyExtension.swift in Sources */,
				ABA78DE42B4474B900BD13A2 /* Entry.swift in Sources */,
				ABA3F8B42B5B2E52006F5355 /* TutorialView.swift in Sources */,
				ABA78DE02B44740D00BD13A2 /* ChecklistFile.swift in Sources */,
				ABA3F8B22B58DD11006F5355 /* ChecklistEditView.swift in Sources */,
				ABE1C2E82B408ED200BD40E4 /* Checklist.swift in Sources */,
			);
			runOnlyForDeploymentPostprocessing = 0;
		};
		ABE1C2BA2B3FAF7800BD40E4 /* Sources */ = {
			isa = PBXSourcesBuildPhase;
			buildActionMask = 2147483647;
			files = (
				ABE1C2C32B3FAF7800BD40E4 /* G3XTouchChecklistEditorTests.swift in Sources */,
			);
			runOnlyForDeploymentPostprocessing = 0;
		};
		ABE1C2C42B3FAF7800BD40E4 /* Sources */ = {
			isa = PBXSourcesBuildPhase;
			buildActionMask = 2147483647;
			files = (
				ABE1C2CD2B3FAF7800BD40E4 /* G3XTouchChecklistEditorUITests.swift in Sources */,
				ABE1C2CF2B3FAF7800BD40E4 /* G3XTouchChecklistEditorUITestsLaunchTests.swift in Sources */,
			);
			runOnlyForDeploymentPostprocessing = 0;
		};
/* End PBXSourcesBuildPhase section */

/* Begin PBXTargetDependency section */
		ABE1C2C02B3FAF7800BD40E4 /* PBXTargetDependency */ = {
			isa = PBXTargetDependency;
			target = ABE1C2AC2B3FAF7700BD40E4 /* G3X Touch Checklist Editor */;
			targetProxy = ABE1C2BF2B3FAF7800BD40E4 /* PBXContainerItemProxy */;
		};
		ABE1C2CA2B3FAF7800BD40E4 /* PBXTargetDependency */ = {
			isa = PBXTargetDependency;
			target = ABE1C2AC2B3FAF7700BD40E4 /* G3X Touch Checklist Editor */;
			targetProxy = ABE1C2C92B3FAF7800BD40E4 /* PBXContainerItemProxy */;
		};
/* End PBXTargetDependency section */

/* Begin XCBuildConfiguration section */
		ABE1C2D02B3FAF7800BD40E4 /* Debug */ = {
			isa = XCBuildConfiguration;
			buildSettings = {
				ALWAYS_SEARCH_USER_PATHS = NO;
				ASSETCATALOG_COMPILER_GENERATE_SWIFT_ASSET_SYMBOL_EXTENSIONS = YES;
				CLANG_ANALYZER_NONNULL = YES;
				CLANG_ANALYZER_NUMBER_OBJECT_CONVERSION = YES_AGGRESSIVE;
				CLANG_CXX_LANGUAGE_STANDARD = "gnu++20";
				CLANG_ENABLE_MODULES = YES;
				CLANG_ENABLE_OBJC_ARC = YES;
				CLANG_ENABLE_OBJC_WEAK = YES;
				CLANG_WARN_BLOCK_CAPTURE_AUTORELEASING = YES;
				CLANG_WARN_BOOL_CONVERSION = YES;
				CLANG_WARN_COMMA = YES;
				CLANG_WARN_CONSTANT_CONVERSION = YES;
				CLANG_WARN_DEPRECATED_OBJC_IMPLEMENTATIONS = YES;
				CLANG_WARN_DIRECT_OBJC_ISA_USAGE = YES_ERROR;
				CLANG_WARN_DOCUMENTATION_COMMENTS = YES;
				CLANG_WARN_EMPTY_BODY = YES;
				CLANG_WARN_ENUM_CONVERSION = YES;
				CLANG_WARN_INFINITE_RECURSION = YES;
				CLANG_WARN_INT_CONVERSION = YES;
				CLANG_WARN_NON_LITERAL_NULL_CONVERSION = YES;
				CLANG_WARN_OBJC_IMPLICIT_RETAIN_SELF = YES;
				CLANG_WARN_OBJC_LITERAL_CONVERSION = YES;
				CLANG_WARN_OBJC_ROOT_CLASS = YES_ERROR;
				CLANG_WARN_QUOTED_INCLUDE_IN_FRAMEWORK_HEADER = YES;
				CLANG_WARN_RANGE_LOOP_ANALYSIS = YES;
				CLANG_WARN_STRICT_PROTOTYPES = YES;
				CLANG_WARN_SUSPICIOUS_MOVE = YES;
				CLANG_WARN_UNGUARDED_AVAILABILITY = YES_AGGRESSIVE;
				CLANG_WARN_UNREACHABLE_CODE = YES;
				CLANG_WARN__DUPLICATE_METHOD_MATCH = YES;
				COPY_PHASE_STRIP = NO;
				DEBUG_INFORMATION_FORMAT = dwarf;
				ENABLE_STRICT_OBJC_MSGSEND = YES;
				ENABLE_TESTABILITY = YES;
				ENABLE_USER_SCRIPT_SANDBOXING = YES;
				GCC_C_LANGUAGE_STANDARD = gnu17;
				GCC_DYNAMIC_NO_PIC = NO;
				GCC_NO_COMMON_BLOCKS = YES;
				GCC_OPTIMIZATION_LEVEL = 0;
				GCC_PREPROCESSOR_DEFINITIONS = (
					"DEBUG=1",
					"$(inherited)",
				);
				GCC_WARN_64_TO_32_BIT_CONVERSION = YES;
				GCC_WARN_ABOUT_RETURN_TYPE = YES_ERROR;
				GCC_WARN_UNDECLARED_SELECTOR = YES;
				GCC_WARN_UNINITIALIZED_AUTOS = YES_AGGRESSIVE;
				GCC_WARN_UNUSED_FUNCTION = YES;
				GCC_WARN_UNUSED_VARIABLE = YES;
				LOCALIZATION_PREFERS_STRING_CATALOGS = YES;
				MTL_ENABLE_DEBUG_INFO = INCLUDE_SOURCE;
				MTL_FAST_MATH = YES;
				ONLY_ACTIVE_ARCH = YES;
				SWIFT_ACTIVE_COMPILATION_CONDITIONS = "DEBUG $(inherited)";
				SWIFT_OPTIMIZATION_LEVEL = "-Onone";
			};
			name = Debug;
		};
		ABE1C2D12B3FAF7800BD40E4 /* Release */ = {
			isa = XCBuildConfiguration;
			buildSettings = {
				ALWAYS_SEARCH_USER_PATHS = NO;
				ASSETCATALOG_COMPILER_GENERATE_SWIFT_ASSET_SYMBOL_EXTENSIONS = YES;
				CLANG_ANALYZER_NONNULL = YES;
				CLANG_ANALYZER_NUMBER_OBJECT_CONVERSION = YES_AGGRESSIVE;
				CLANG_CXX_LANGUAGE_STANDARD = "gnu++20";
				CLANG_ENABLE_MODULES = YES;
				CLANG_ENABLE_OBJC_ARC = YES;
				CLANG_ENABLE_OBJC_WEAK = YES;
				CLANG_WARN_BLOCK_CAPTURE_AUTORELEASING = YES;
				CLANG_WARN_BOOL_CONVERSION = YES;
				CLANG_WARN_COMMA = YES;
				CLANG_WARN_CONSTANT_CONVERSION = YES;
				CLANG_WARN_DEPRECATED_OBJC_IMPLEMENTATIONS = YES;
				CLANG_WARN_DIRECT_OBJC_ISA_USAGE = YES_ERROR;
				CLANG_WARN_DOCUMENTATION_COMMENTS = YES;
				CLANG_WARN_EMPTY_BODY = YES;
				CLANG_WARN_ENUM_CONVERSION = YES;
				CLANG_WARN_INFINITE_RECURSION = YES;
				CLANG_WARN_INT_CONVERSION = YES;
				CLANG_WARN_NON_LITERAL_NULL_CONVERSION = YES;
				CLANG_WARN_OBJC_IMPLICIT_RETAIN_SELF = YES;
				CLANG_WARN_OBJC_LITERAL_CONVERSION = YES;
				CLANG_WARN_OBJC_ROOT_CLASS = YES_ERROR;
				CLANG_WARN_QUOTED_INCLUDE_IN_FRAMEWORK_HEADER = YES;
				CLANG_WARN_RANGE_LOOP_ANALYSIS = YES;
				CLANG_WARN_STRICT_PROTOTYPES = YES;
				CLANG_WARN_SUSPICIOUS_MOVE = YES;
				CLANG_WARN_UNGUARDED_AVAILABILITY = YES_AGGRESSIVE;
				CLANG_WARN_UNREACHABLE_CODE = YES;
				CLANG_WARN__DUPLICATE_METHOD_MATCH = YES;
				COPY_PHASE_STRIP = NO;
				DEBUG_INFORMATION_FORMAT = "dwarf-with-dsym";
				ENABLE_NS_ASSERTIONS = NO;
				ENABLE_STRICT_OBJC_MSGSEND = YES;
				ENABLE_USER_SCRIPT_SANDBOXING = YES;
				GCC_C_LANGUAGE_STANDARD = gnu17;
				GCC_NO_COMMON_BLOCKS = YES;
				GCC_WARN_64_TO_32_BIT_CONVERSION = YES;
				GCC_WARN_ABOUT_RETURN_TYPE = YES_ERROR;
				GCC_WARN_UNDECLARED_SELECTOR = YES;
				GCC_WARN_UNINITIALIZED_AUTOS = YES_AGGRESSIVE;
				GCC_WARN_UNUSED_FUNCTION = YES;
				GCC_WARN_UNUSED_VARIABLE = YES;
				LOCALIZATION_PREFERS_STRING_CATALOGS = YES;
				MTL_ENABLE_DEBUG_INFO = NO;
				MTL_FAST_MATH = YES;
				SWIFT_COMPILATION_MODE = wholemodule;
			};
			name = Release;
		};
		ABE1C2D32B3FAF7800BD40E4 /* Debug */ = {
			isa = XCBuildConfiguration;
			buildSettings = {
				ASSETCATALOG_COMPILER_APPICON_NAME = AppIcon;
				ASSETCATALOG_COMPILER_GLOBAL_ACCENT_COLOR_NAME = AccentColor;
				ASSETCATALOG_COMPILER_INCLUDE_ALL_APPICON_ASSETS = YES;
				CODE_SIGN_ENTITLEMENTS = G3XTouchChecklistEditor/G3XTouchChecklistEditor.entitlements;
				CODE_SIGN_STYLE = Automatic;
				CURRENT_PROJECT_VERSION = 4;
				DEVELOPMENT_ASSET_PATHS = "\"G3XTouchChecklistEditor/Preview Content\"";
				DEVELOPMENT_TEAM = CWNCTDGDL5;
				ENABLE_HARDENED_RUNTIME = YES;
				ENABLE_PREVIEWS = YES;
				GENERATE_INFOPLIST_FILE = YES;
				INFOPLIST_FILE = "G3X-Touch-Checklist-Editor-Info.plist";
				INFOPLIST_KEY_CFBundleDisplayName = "G3X Touch Checklist Editor";
				INFOPLIST_KEY_LSApplicationCategoryType = "public.app-category.utilities";
				INFOPLIST_KEY_LSSupportsOpeningDocumentsInPlace = YES;
				"INFOPLIST_KEY_UIApplicationSceneManifest_Generation[sdk=iphoneos*]" = YES;
				"INFOPLIST_KEY_UIApplicationSceneManifest_Generation[sdk=iphonesimulator*]" = YES;
				"INFOPLIST_KEY_UIApplicationSupportsIndirectInputEvents[sdk=iphoneos*]" = YES;
				"INFOPLIST_KEY_UIApplicationSupportsIndirectInputEvents[sdk=iphonesimulator*]" = YES;
				"INFOPLIST_KEY_UILaunchScreen_Generation[sdk=iphoneos*]" = YES;
				"INFOPLIST_KEY_UILaunchScreen_Generation[sdk=iphonesimulator*]" = YES;
				"INFOPLIST_KEY_UIStatusBarStyle[sdk=iphoneos*]" = UIStatusBarStyleDefault;
				"INFOPLIST_KEY_UIStatusBarStyle[sdk=iphonesimulator*]" = UIStatusBarStyleDefault;
				INFOPLIST_KEY_UISupportedInterfaceOrientations_iPad = "UIInterfaceOrientationPortrait UIInterfaceOrientationPortraitUpsideDown UIInterfaceOrientationLandscapeLeft UIInterfaceOrientationLandscapeRight";
				INFOPLIST_KEY_UISupportedInterfaceOrientations_iPhone = "UIInterfaceOrientationPortrait UIInterfaceOrientationLandscapeLeft UIInterfaceOrientationLandscapeRight";
				INFOPLIST_KEY_UISupportsDocumentBrowser = YES;
				IPHONEOS_DEPLOYMENT_TARGET = 16.0;
				LD_RUNPATH_SEARCH_PATHS = "@executable_path/Frameworks";
				"LD_RUNPATH_SEARCH_PATHS[sdk=macosx*]" = "@executable_path/../Frameworks";
				MACOSX_DEPLOYMENT_TARGET = 13.0;
				MARKETING_VERSION = 0.1.1;
				PRODUCT_BUNDLE_IDENTIFIER = com.serenitymountainranch.G3XTouchChecklistEditor;
				PRODUCT_NAME = "$(TARGET_NAME)";
				SDKROOT = auto;
				SUPPORTED_PLATFORMS = "iphoneos iphonesimulator macosx";
				SUPPORTS_MACCATALYST = NO;
				SWIFT_EMIT_LOC_STRINGS = YES;
				SWIFT_VERSION = 5.0;
				TARGETED_DEVICE_FAMILY = 2;
			};
			name = Debug;
		};
		ABE1C2D42B3FAF7800BD40E4 /* Release */ = {
			isa = XCBuildConfiguration;
			buildSettings = {
				ASSETCATALOG_COMPILER_APPICON_NAME = AppIcon;
				ASSETCATALOG_COMPILER_GLOBAL_ACCENT_COLOR_NAME = AccentColor;
				ASSETCATALOG_COMPILER_INCLUDE_ALL_APPICON_ASSETS = YES;
				CODE_SIGN_ENTITLEMENTS = G3XTouchChecklistEditor/G3XTouchChecklistEditor.entitlements;
				CODE_SIGN_STYLE = Automatic;
				CURRENT_PROJECT_VERSION = 4;
				DEVELOPMENT_ASSET_PATHS = "\"G3XTouchChecklistEditor/Preview Content\"";
				DEVELOPMENT_TEAM = CWNCTDGDL5;
				ENABLE_HARDENED_RUNTIME = YES;
				ENABLE_PREVIEWS = YES;
				GENERATE_INFOPLIST_FILE = YES;
				INFOPLIST_FILE = "G3X-Touch-Checklist-Editor-Info.plist";
				INFOPLIST_KEY_CFBundleDisplayName = "G3X Touch Checklist Editor";
				INFOPLIST_KEY_LSApplicationCategoryType = "public.app-category.utilities";
				INFOPLIST_KEY_LSSupportsOpeningDocumentsInPlace = YES;
				"INFOPLIST_KEY_UIApplicationSceneManifest_Generation[sdk=iphoneos*]" = YES;
				"INFOPLIST_KEY_UIApplicationSceneManifest_Generation[sdk=iphonesimulator*]" = YES;
				"INFOPLIST_KEY_UIApplicationSupportsIndirectInputEvents[sdk=iphoneos*]" = YES;
				"INFOPLIST_KEY_UIApplicationSupportsIndirectInputEvents[sdk=iphonesimulator*]" = YES;
				"INFOPLIST_KEY_UILaunchScreen_Generation[sdk=iphoneos*]" = YES;
				"INFOPLIST_KEY_UILaunchScreen_Generation[sdk=iphonesimulator*]" = YES;
				"INFOPLIST_KEY_UIStatusBarStyle[sdk=iphoneos*]" = UIStatusBarStyleDefault;
				"INFOPLIST_KEY_UIStatusBarStyle[sdk=iphonesimulator*]" = UIStatusBarStyleDefault;
				INFOPLIST_KEY_UISupportedInterfaceOrientations_iPad = "UIInterfaceOrientationPortrait UIInterfaceOrientationPortraitUpsideDown UIInterfaceOrientationLandscapeLeft UIInterfaceOrientationLandscapeRight";
				INFOPLIST_KEY_UISupportedInterfaceOrientations_iPhone = "UIInterfaceOrientationPortrait UIInterfaceOrientationLandscapeLeft UIInterfaceOrientationLandscapeRight";
				INFOPLIST_KEY_UISupportsDocumentBrowser = YES;
				IPHONEOS_DEPLOYMENT_TARGET = 16.0;
				LD_RUNPATH_SEARCH_PATHS = "@executable_path/Frameworks";
				"LD_RUNPATH_SEARCH_PATHS[sdk=macosx*]" = "@executable_path/../Frameworks";
				MACOSX_DEPLOYMENT_TARGET = 13.0;
				MARKETING_VERSION = 0.1.1;
				PRODUCT_BUNDLE_IDENTIFIER = com.serenitymountainranch.G3XTouchChecklistEditor;
				PRODUCT_NAME = "$(TARGET_NAME)";
				SDKROOT = auto;
				SUPPORTED_PLATFORMS = "iphoneos iphonesimulator macosx";
				SUPPORTS_MACCATALYST = NO;
				SWIFT_EMIT_LOC_STRINGS = YES;
				SWIFT_VERSION = 5.0;
				TARGETED_DEVICE_FAMILY = 2;
			};
			name = Release;
		};
		ABE1C2D62B3FAF7800BD40E4 /* Debug */ = {
			isa = XCBuildConfiguration;
			buildSettings = {
				ALWAYS_EMBED_SWIFT_STANDARD_LIBRARIES = YES;
				BUNDLE_LOADER = "$(TEST_HOST)";
				CODE_SIGN_STYLE = Automatic;
				CURRENT_PROJECT_VERSION = 1;
				DEVELOPMENT_TEAM = CWNCTDGDL5;
				GENERATE_INFOPLIST_FILE = YES;
				IPHONEOS_DEPLOYMENT_TARGET = 17.2;
				MACOSX_DEPLOYMENT_TARGET = 13.6;
				MARKETING_VERSION = 1.0;
				PRODUCT_BUNDLE_IDENTIFIER = com.vickeryranch.G3XTouchChecklistEditorTests;
				PRODUCT_NAME = "$(TARGET_NAME)";
				SDKROOT = auto;
				SUPPORTED_PLATFORMS = "iphoneos iphonesimulator macosx";
				SWIFT_EMIT_LOC_STRINGS = NO;
				SWIFT_VERSION = 5.0;
				TARGETED_DEVICE_FAMILY = "1,2";
				TEST_HOST = "$(BUILT_PRODUCTS_DIR)/G3X Touch Checklist Editor.app/$(BUNDLE_EXECUTABLE_FOLDER_PATH)/G3X Touch Checklist Editor";
			};
			name = Debug;
		};
		ABE1C2D72B3FAF7800BD40E4 /* Release */ = {
			isa = XCBuildConfiguration;
			buildSettings = {
				ALWAYS_EMBED_SWIFT_STANDARD_LIBRARIES = YES;
				BUNDLE_LOADER = "$(TEST_HOST)";
				CODE_SIGN_STYLE = Automatic;
				CURRENT_PROJECT_VERSION = 1;
				DEVELOPMENT_TEAM = CWNCTDGDL5;
				GENERATE_INFOPLIST_FILE = YES;
				IPHONEOS_DEPLOYMENT_TARGET = 17.2;
				MACOSX_DEPLOYMENT_TARGET = 13.6;
				MARKETING_VERSION = 1.0;
				PRODUCT_BUNDLE_IDENTIFIER = com.vickeryranch.G3XTouchChecklistEditorTests;
				PRODUCT_NAME = "$(TARGET_NAME)";
				SDKROOT = auto;
				SUPPORTED_PLATFORMS = "iphoneos iphonesimulator macosx";
				SWIFT_EMIT_LOC_STRINGS = NO;
				SWIFT_VERSION = 5.0;
				TARGETED_DEVICE_FAMILY = "1,2";
				TEST_HOST = "$(BUILT_PRODUCTS_DIR)/G3X Touch Checklist Editor.app/$(BUNDLE_EXECUTABLE_FOLDER_PATH)/G3X Touch Checklist Editor";
			};
			name = Release;
		};
		ABE1C2D92B3FAF7800BD40E4 /* Debug */ = {
			isa = XCBuildConfiguration;
			buildSettings = {
				ALWAYS_EMBED_SWIFT_STANDARD_LIBRARIES = YES;
				CODE_SIGN_STYLE = Automatic;
				CURRENT_PROJECT_VERSION = 1;
				DEVELOPMENT_TEAM = CWNCTDGDL5;
				GENERATE_INFOPLIST_FILE = YES;
				IPHONEOS_DEPLOYMENT_TARGET = 17.2;
				MACOSX_DEPLOYMENT_TARGET = 13.6;
				MARKETING_VERSION = 1.0;
				PRODUCT_BUNDLE_IDENTIFIER = com.vickeryranch.G3XTouchChecklistEditorUITests;
				PRODUCT_NAME = "$(TARGET_NAME)";
				SDKROOT = auto;
				SUPPORTED_PLATFORMS = "iphoneos iphonesimulator macosx";
				SWIFT_EMIT_LOC_STRINGS = NO;
				SWIFT_VERSION = 5.0;
				TARGETED_DEVICE_FAMILY = "1,2";
				TEST_TARGET_NAME = G3XTouchChecklistEditor;
			};
			name = Debug;
		};
		ABE1C2DA2B3FAF7800BD40E4 /* Release */ = {
			isa = XCBuildConfiguration;
			buildSettings = {
				ALWAYS_EMBED_SWIFT_STANDARD_LIBRARIES = YES;
				CODE_SIGN_STYLE = Automatic;
				CURRENT_PROJECT_VERSION = 1;
				DEVELOPMENT_TEAM = CWNCTDGDL5;
				GENERATE_INFOPLIST_FILE = YES;
				IPHONEOS_DEPLOYMENT_TARGET = 17.2;
				MACOSX_DEPLOYMENT_TARGET = 13.6;
				MARKETING_VERSION = 1.0;
				PRODUCT_BUNDLE_IDENTIFIER = com.vickeryranch.G3XTouchChecklistEditorUITests;
				PRODUCT_NAME = "$(TARGET_NAME)";
				SDKROOT = auto;
				SUPPORTED_PLATFORMS = "iphoneos iphonesimulator macosx";
				SWIFT_EMIT_LOC_STRINGS = NO;
				SWIFT_VERSION = 5.0;
				TARGETED_DEVICE_FAMILY = "1,2";
				TEST_TARGET_NAME = G3XTouchChecklistEditor;
			};
			name = Release;
		};
/* End XCBuildConfiguration section */

/* Begin XCConfigurationList section */
		ABE1C2A82B3FAF7700BD40E4 /* Build configuration list for PBXProject "G3X Touch Checklist Editor" */ = {
			isa = XCConfigurationList;
			buildConfigurations = (
				ABE1C2D02B3FAF7800BD40E4 /* Debug */,
				ABE1C2D12B3FAF7800BD40E4 /* Release */,
			);
			defaultConfigurationIsVisible = 0;
			defaultConfigurationName = Release;
		};
		ABE1C2D22B3FAF7800BD40E4 /* Build configuration list for PBXNativeTarget "G3X Touch Checklist Editor" */ = {
			isa = XCConfigurationList;
			buildConfigurations = (
				ABE1C2D32B3FAF7800BD40E4 /* Debug */,
				ABE1C2D42B3FAF7800BD40E4 /* Release */,
			);
			defaultConfigurationIsVisible = 0;
			defaultConfigurationName = Release;
		};
		ABE1C2D52B3FAF7800BD40E4 /* Build configuration list for PBXNativeTarget "G3X Touch Checklist EditorTests" */ = {
			isa = XCConfigurationList;
			buildConfigurations = (
				ABE1C2D62B3FAF7800BD40E4 /* Debug */,
				ABE1C2D72B3FAF7800BD40E4 /* Release */,
			);
			defaultConfigurationIsVisible = 0;
			defaultConfigurationName = Release;
		};
		ABE1C2D82B3FAF7800BD40E4 /* Build configuration list for PBXNativeTarget "G3X Touch Checklist EditorUITests" */ = {
			isa = XCConfigurationList;
			buildConfigurations = (
				ABE1C2D92B3FAF7800BD40E4 /* Debug */,
				ABE1C2DA2B3FAF7800BD40E4 /* Release */,
			);
			defaultConfigurationIsVisible = 0;
			defaultConfigurationName = Release;
		};
/* End XCConfigurationList section */

/* Begin XCRemoteSwiftPackageReference section */
		ABE1C2E32B3FD17000BD40E4 /* XCRemoteSwiftPackageReference "CrcSwift" */ = {
			isa = XCRemoteSwiftPackageReference;
			repositoryURL = "https://github.com/ivanesik/CrcSwift.git";
			requirement = {
				kind = upToNextMajorVersion;
				minimumVersion = 0.0.3;
			};
		};
/* End XCRemoteSwiftPackageReference section */

/* Begin XCSwiftPackageProductDependency section */
		ABE1C2E42B3FD17000BD40E4 /* CrcSwift */ = {
			isa = XCSwiftPackageProductDependency;
			package = ABE1C2E32B3FD17000BD40E4 /* XCRemoteSwiftPackageReference "CrcSwift" */;
			productName = CrcSwift;
		};
/* End XCSwiftPackageProductDependency section */
	};
	rootObject = ABE1C2A52B3FAF7700BD40E4 /* Project object */;
}
